Microsoft Visual Studio Solution File, Format Version 11.00
# Visual Studio 2008

Project("{B71FF4C4-1277-4E95-52CC-FE8ECBE78886}") = "Porject-1", "Assembly-CSharp.csproj", "{8EEF73C0-D290-C2E0-970B-12F7CAC9F2BC}"
EndProject
Global
	GlobalSection(SolutionConfigurationPlatforms) = preSolution
		Debug|Any CPU = Debug|Any CPU
		Release|Any CPU = Release|Any CPU
	EndGlobalSection
	GlobalSection(ProjectConfigurationPlatforms) = postSolution
		{8EEF73C0-D290-C2E0-970B-12F7CAC9F2BC}.Debug|Any CPU.ActiveCfg = Debug|Any CPU
		{8EEF73C0-D290-C2E0-970B-12F7CAC9F2BC}.Debug|Any CPU.Build.0 = Debug|Any CPU
		{8EEF73C0-D290-C2E0-970B-12F7CAC9F2BC}.Release|Any CPU.ActiveCfg = Release|Any CPU
		{8EEF73C0-D290-C2E0-970B-12F7CAC9F2BC}.Release|Any CPU.Build.0 = Release|Any CPU
	EndGlobalSection
	GlobalSection(SolutionProperties) = preSolution
		HideSolutionNode = FALSE
	EndGlobalSection
	GlobalSection(MonoDevelopProperties) = preSolution
		StartupItem = Assembly-CSharp.csproj
	EndGlobalSection
EndGlobal
